
Microsoft Visual Studio Solution File, Format Version 12.00
# Visual Studio Version 16
VisualStudioVersion = 16.0.29806.167
MinimumVisualStudioVersion = 10.0.40219.1
Project("{9A19103F-16F7-4668-BE54-9A1E7A4F7556}") = "WorkSheets", "F24Classes\WorkSheets.csproj", "{E7C01C47-A31B-468A-84B7-AFC99499A933}"
EndProject
Project("{9A19103F-16F7-4668-BE54-9A1E7A4F7556}") = "Consola", "Consola\Consola.csproj", "{C34AE992-E28C-4638-831E-C2274973AD8A}"
EndProject
Project("{2150E333-8FDC-42A3-9474-1A3956D46DE8}") = "Worksheet 24, 25, 26", "Worksheet 24, 25, 26", "{42E5DF50-38FB-45C9-BA36-2394F64909EB}"
EndProject
Global
	GlobalSection(SolutionConfigurationPlatforms) = preSolution
		Debug|Any CPU = Debug|Any CPU
		Release|Any CPU = Release|Any CPU
	EndGlobalSection
	GlobalSection(ProjectConfigurationPlatforms) = postSolution
		{E7C01C47-A31B-468A-84B7-AFC99499A933}.Debug|Any CPU.ActiveCfg = Debug|Any CPU
		{E7C01C47-A31B-468A-84B7-AFC99499A933}.Debug|Any CPU.Build.0 = Debug|Any CPU
		{E7C01C47-A31B-468A-84B7-AFC99499A933}.Release|Any CPU.ActiveCfg = Release|Any CPU
		{E7C01C47-A31B-468A-84B7-AFC99499A933}.Release|Any CPU.Build.0 = Release|Any CPU
		{C34AE992-E28C-4638-831E-C2274973AD8A}.Debug|Any CPU.ActiveCfg = Debug|Any CPU
		{C34AE992-E28C-4638-831E-C2274973AD8A}.Debug|Any CPU.Build.0 = Debug|Any CPU
		{C34AE992-E28C-4638-831E-C2274973AD8A}.Release|Any CPU.ActiveCfg = Release|Any CPU
		{C34AE992-E28C-4638-831E-C2274973AD8A}.Release|Any CPU.Build.0 = Release|Any CPU
	EndGlobalSection
	GlobalSection(SolutionProperties) = preSolution
		HideSolutionNode = FALSE
	EndGlobalSection
	GlobalSection(NestedProjects) = preSolution
		{E7C01C47-A31B-468A-84B7-AFC99499A933} = {42E5DF50-38FB-45C9-BA36-2394F64909EB}
	EndGlobalSection
	GlobalSection(ExtensibilityGlobals) = postSolution
		SolutionGuid = {F39F05DD-A021-4ED5-AD61-F3BF8BDBEEE6}
	EndGlobalSection
EndGlobal
